
Microsoft Visual Studio Solution File, Format Version 12.00
# Visual Studio 2012
Project("{8BC9CEB8-8B4A-11D0-8D11-00A0C91BC942}") = "pacman_test_run_2", "pacman_test_run_2\pacman_test_run_2.vcxproj", "{882FBC71-00B4-48DE-9D48-6C34A3F5DF59}"
EndProject
Global
	GlobalSection(SolutionConfigurationPlatforms) = preSolution
		Debug|Win32 = Debug|Win32
		Release|Win32 = Release|Win32
	EndGlobalSection
	GlobalSection(ProjectConfigurationPlatforms) = postSolution
		{882FBC71-00B4-48DE-9D48-6C34A3F5DF59}.Debug|Win32.ActiveCfg = Debug|Win32
		{882FBC71-00B4-48DE-9D48-6C34A3F5DF59}.Debug|Win32.Build.0 = Debug|Win32
		{882FBC71-00B4-48DE-9D48-6C34A3F5DF59}.Release|Win32.ActiveCfg = Release|Win32
		{882FBC71-00B4-48DE-9D48-6C34A3F5DF59}.Release|Win32.Build.0 = Release|Win32
	EndGlobalSection
	GlobalSection(SolutionProperties) = preSolution
		HideSolutionNode = FALSE
	EndGlobalSection
EndGlobal
